// !$*UTF8*$!
{
	archiveVersion = 1;
	classes = {
	};
	objectVersion = 55;
	objects = {

/* Begin PBXBuildFile section */
		9D0BF28327F78F7D00EB3E59 /* AppDelegate.swift in Sources */ = {isa = PBXBuildFile; fileRef = 9D0BF28227F78F7D00EB3E59 /* AppDelegate.swift */; };
		9D0BF28527F78F7D00EB3E59 /* SceneDelegate.swift in Sources */ = {isa = PBXBuildFile; fileRef = 9D0BF28427F78F7D00EB3E59 /* SceneDelegate.swift */; };
		9D0BF28727F78F7D00EB3E59 /* ViewController.swift in Sources */ = {isa = PBXBuildFile; fileRef = 9D0BF28627F78F7D00EB3E59 /* ViewController.swift */; };
		9D0BF28A27F78F7D00EB3E59 /* Main.storyboard in Resources */ = {isa = PBXBuildFile; fileRef = 9D0BF28827F78F7D00EB3E59 /* Main.storyboard */; };
		9D0BF28C27F78F7F00EB3E59 /* Assets.xcassets in Resources */ = {isa = PBXBuildFile; fileRef = 9D0BF28B27F78F7F00EB3E59 /* Assets.xcassets */; };
		9D0BF28F27F78F7F00EB3E59 /* LaunchScreen.storyboard in Resources */ = {isa = PBXBuildFile; fileRef = 9D0BF28D27F78F7F00EB3E59 /* LaunchScreen.storyboard */; };
		9D0BF29A27F78F7F00EB3E59 /* MovieAppTests.swift in Sources */ = {isa = PBXBuildFile; fileRef = 9D0BF29927F78F7F00EB3E59 /* MovieAppTests.swift */; };
		9D0BF2A427F78F7F00EB3E59 /* MovieAppUITests.swift in Sources */ = {isa = PBXBuildFile; fileRef = 9D0BF2A327F78F7F00EB3E59 /* MovieAppUITests.swift */; };
		9D0BF2A627F78F7F00EB3E59 /* MovieAppUITestsLaunchTests.swift in Sources */ = {isa = PBXBuildFile; fileRef = 9D0BF2A527F78F7F00EB3E59 /* MovieAppUITestsLaunchTests.swift */; };
		9D0BF2B427F7920B00EB3E59 /* ConnectivityManager.swift in Sources */ = {isa = PBXBuildFile; fileRef = 9D0BF2B327F7920B00EB3E59 /* ConnectivityManager.swift */; };
		9D0BF2BC27F841D700EB3E59 /* SplashViewController.swift in Sources */ = {isa = PBXBuildFile; fileRef = 9D0BF2BA27F841D700EB3E59 /* SplashViewController.swift */; };
		9D0BF2BF27F843A600EB3E59 /* SplashStoryboard.storyboard in Resources */ = {isa = PBXBuildFile; fileRef = 9D0BF2BE27F843A600EB3E59 /* SplashStoryboard.storyboard */; };
		9D0BF2C227F8565C00EB3E59 /* GoogleService-Info.plist in Resources */ = {isa = PBXBuildFile; fileRef = 9D0BF2C127F8565C00EB3E59 /* GoogleService-Info.plist */; };
		9D203B7E27FDADE600334DBB /* NavigationManager.swift in Sources */ = {isa = PBXBuildFile; fileRef = 9D203B7D27FDADE600334DBB /* NavigationManager.swift */; };
		9D70BDF527F9BA9B0085DE2F /* MovieService.swift in Sources */ = {isa = PBXBuildFile; fileRef = 9D70BDF427F9BA9B0085DE2F /* MovieService.swift */; };
		9D70BDF727F9BBF80085DE2F /* MovieCellViewModel.swift in Sources */ = {isa = PBXBuildFile; fileRef = 9D70BDF627F9BBF80085DE2F /* MovieCellViewModel.swift */; };
		9D70BDFA27FAFE500085DE2F /* MovieDetailViewController.swift in Sources */ = {isa = PBXBuildFile; fileRef = 9D70BDF827FAFE500085DE2F /* MovieDetailViewController.swift */; };
		9D94F1EB27F9B906008373B6 /* MoviesViewModel.swift in Sources */ = {isa = PBXBuildFile; fileRef = 9D94F1EA27F9B906008373B6 /* MoviesViewModel.swift */; };
		9D96A5B827FB05C400B19DF6 /* MovieDetailViewModel.swift in Sources */ = {isa = PBXBuildFile; fileRef = 9D96A5B727FB05C400B19DF6 /* MovieDetailViewModel.swift */; };
		9DE8093D27F882680091E944 /* Movie.swift in Sources */ = {isa = PBXBuildFile; fileRef = 9DE8093C27F882680091E944 /* Movie.swift */; };
		9DE8094927F8DC8A0091E944 /* MovieCell.swift in Sources */ = {isa = PBXBuildFile; fileRef = 9DE8094727F8DC8A0091E944 /* MovieCell.swift */; };
		9DE8094A27F8DC8A0091E944 /* MovieCell.xib in Resources */ = {isa = PBXBuildFile; fileRef = 9DE8094827F8DC8A0091E944 /* MovieCell.xib */; };
		9DF5FA9727F85FBD00D162AE /* FirebaseRemoteConfig in Frameworks */ = {isa = PBXBuildFile; productRef = 9DF5FA9627F85FBD00D162AE /* FirebaseRemoteConfig */; };
		9DF5FA9927F85FCA00D162AE /* FirebaseAnalytics in Frameworks */ = {isa = PBXBuildFile; productRef = 9DF5FA9827F85FCA00D162AE /* FirebaseAnalytics */; };
/* End PBXBuildFile section */

/* Begin PBXContainerItemProxy section */
		9D0BF29627F78F7F00EB3E59 /* PBXContainerItemProxy */ = {
			isa = PBXContainerItemProxy;
			containerPortal = 9D0BF27727F78F7C00EB3E59 /* Project object */;
			proxyType = 1;
			remoteGlobalIDString = 9D0BF27E27F78F7D00EB3E59;
			remoteInfo = MovieApp;
		};
		9D0BF2A027F78F7F00EB3E59 /* PBXContainerItemProxy */ = {
			isa = PBXContainerItemProxy;
			containerPortal = 9D0BF27727F78F7C00EB3E59 /* Project object */;
			proxyType = 1;
			remoteGlobalIDString = 9D0BF27E27F78F7D00EB3E59;
			remoteInfo = MovieApp;
		};
/* End PBXContainerItemProxy section */

/* Begin PBXFileReference section */
		9D0BF27F27F78F7D00EB3E59 /* MovieApp.app */ = {isa = PBXFileReference; explicitFileType = wrapper.application; includeInIndex = 0; path = MovieApp.app; sourceTree = BUILT_PRODUCTS_DIR; };
		9D0BF28227F78F7D00EB3E59 /* AppDelegate.swift */ = {isa = PBXFileReference; lastKnownFileType = sourcecode.swift; path = AppDelegate.swift; sourceTree = "<group>"; };
		9D0BF28427F78F7D00EB3E59 /* SceneDelegate.swift */ = {isa = PBXFileReference; lastKnownFileType = sourcecode.swift; path = SceneDelegate.swift; sourceTree = "<group>"; };
		9D0BF28627F78F7D00EB3E59 /* ViewController.swift */ = {isa = PBXFileReference; lastKnownFileType = sourcecode.swift; path = ViewController.swift; sourceTree = "<group>"; };
		9D0BF28927F78F7D00EB3E59 /* Base */ = {isa = PBXFileReference; lastKnownFileType = file.storyboard; name = Base; path = Base.lproj/Main.storyboard; sourceTree = "<group>"; };
		9D0BF28B27F78F7F00EB3E59 /* Assets.xcassets */ = {isa = PBXFileReference; lastKnownFileType = folder.assetcatalog; path = Assets.xcassets; sourceTree = "<group>"; };
		9D0BF28E27F78F7F00EB3E59 /* Base */ = {isa = PBXFileReference; lastKnownFileType = file.storyboard; name = Base; path = Base.lproj/LaunchScreen.storyboard; sourceTree = "<group>"; };
		9D0BF29027F78F7F00EB3E59 /* Info.plist */ = {isa = PBXFileReference; lastKnownFileType = text.plist.xml; path = Info.plist; sourceTree = "<group>"; };
		9D0BF29527F78F7F00EB3E59 /* MovieAppTests.xctest */ = {isa = PBXFileReference; explicitFileType = wrapper.cfbundle; includeInIndex = 0; path = MovieAppTests.xctest; sourceTree = BUILT_PRODUCTS_DIR; };
		9D0BF29927F78F7F00EB3E59 /* MovieAppTests.swift */ = {isa = PBXFileReference; lastKnownFileType = sourcecode.swift; path = MovieAppTests.swift; sourceTree = "<group>"; };
		9D0BF29F27F78F7F00EB3E59 /* MovieAppUITests.xctest */ = {isa = PBXFileReference; explicitFileType = wrapper.cfbundle; includeInIndex = 0; path = MovieAppUITests.xctest; sourceTree = BUILT_PRODUCTS_DIR; };
		9D0BF2A327F78F7F00EB3E59 /* MovieAppUITests.swift */ = {isa = PBXFileReference; lastKnownFileType = sourcecode.swift; path = MovieAppUITests.swift; sourceTree = "<group>"; };
		9D0BF2A527F78F7F00EB3E59 /* MovieAppUITestsLaunchTests.swift */ = {isa = PBXFileReference; lastKnownFileType = sourcecode.swift; path = MovieAppUITestsLaunchTests.swift; sourceTree = "<group>"; };
		9D0BF2B327F7920B00EB3E59 /* ConnectivityManager.swift */ = {isa = PBXFileReference; lastKnownFileType = sourcecode.swift; path = ConnectivityManager.swift; sourceTree = "<group>"; };
		9D0BF2BA27F841D700EB3E59 /* SplashViewController.swift */ = {isa = PBXFileReference; lastKnownFileType = sourcecode.swift; path = SplashViewController.swift; sourceTree = "<group>"; };
		9D0BF2BE27F843A600EB3E59 /* SplashStoryboard.storyboard */ = {isa = PBXFileReference; lastKnownFileType = file.storyboard; path = SplashStoryboard.storyboard; sourceTree = "<group>"; };
		9D0BF2C127F8565C00EB3E59 /* GoogleService-Info.plist */ = {isa = PBXFileReference; fileEncoding = 4; lastKnownFileType = text.plist.xml; path = "GoogleService-Info.plist"; sourceTree = "<group>"; };
		9D203B7D27FDADE600334DBB /* NavigationManager.swift */ = {isa = PBXFileReference; lastKnownFileType = sourcecode.swift; path = NavigationManager.swift; sourceTree = "<group>"; };
		9D70BDF427F9BA9B0085DE2F /* MovieService.swift */ = {isa = PBXFileReference; lastKnownFileType = sourcecode.swift; path = MovieService.swift; sourceTree = "<group>"; };
		9D70BDF627F9BBF80085DE2F /* MovieCellViewModel.swift */ = {isa = PBXFileReference; lastKnownFileType = sourcecode.swift; path = MovieCellViewModel.swift; sourceTree = "<group>"; };
		9D70BDF827FAFE500085DE2F /* MovieDetailViewController.swift */ = {isa = PBXFileReference; lastKnownFileType = sourcecode.swift; path = MovieDetailViewController.swift; sourceTree = "<group>"; };
		9D94F1EA27F9B906008373B6 /* MoviesViewModel.swift */ = {isa = PBXFileReference; lastKnownFileType = sourcecode.swift; path = MoviesViewModel.swift; sourceTree = "<group>"; };
		9D96A5B727FB05C400B19DF6 /* MovieDetailViewModel.swift */ = {isa = PBXFileReference; lastKnownFileType = sourcecode.swift; path = MovieDetailViewModel.swift; sourceTree = "<group>"; };
		9DE8093C27F882680091E944 /* Movie.swift */ = {isa = PBXFileReference; lastKnownFileType = sourcecode.swift; path = Movie.swift; sourceTree = "<group>"; };
		9DE8094727F8DC8A0091E944 /* MovieCell.swift */ = {isa = PBXFileReference; lastKnownFileType = sourcecode.swift; path = MovieCell.swift; sourceTree = "<group>"; };
		9DE8094827F8DC8A0091E944 /* MovieCell.xib */ = {isa = PBXFileReference; lastKnownFileType = file.xib; path = MovieCell.xib; sourceTree = "<group>"; };
/* End PBXFileReference section */

/* Begin PBXFrameworksBuildPhase section */
		9D0BF27C27F78F7D00EB3E59 /* Frameworks */ = {
			isa = PBXFrameworksBuildPhase;
			buildActionMask = 2147483647;
			files = (
				9DF5FA9927F85FCA00D162AE /* FirebaseAnalytics in Frameworks */,
				9DF5FA9727F85FBD00D162AE /* FirebaseRemoteConfig in Frameworks */,
			);
			runOnlyForDeploymentPostprocessing = 0;
		};
		9D0BF29227F78F7F00EB3E59 /* Frameworks */ = {
			isa = PBXFrameworksBuildPhase;
			buildActionMask = 2147483647;
			files = (
			);
			runOnlyForDeploymentPostprocessing = 0;
		};
		9D0BF29C27F78F7F00EB3E59 /* Frameworks */ = {
			isa = PBXFrameworksBuildPhase;
			buildActionMask = 2147483647;
			files = (
			);
			runOnlyForDeploymentPostprocessing = 0;
		};
/* End PBXFrameworksBuildPhase section */

/* Begin PBXGroup section */
		9D0BF27627F78F7C00EB3E59 = {
			isa = PBXGroup;
			children = (
				9D0BF28127F78F7D00EB3E59 /* MovieApp */,
				9D0BF29827F78F7F00EB3E59 /* MovieAppTests */,
				9D0BF2A227F78F7F00EB3E59 /* MovieAppUITests */,
				9D0BF28027F78F7D00EB3E59 /* Products */,
				9DF5FA9527F85FBD00D162AE /* Frameworks */,
			);
			sourceTree = "<group>";
		};
		9D0BF28027F78F7D00EB3E59 /* Products */ = {
			isa = PBXGroup;
			children = (
				9D0BF27F27F78F7D00EB3E59 /* MovieApp.app */,
				9D0BF29527F78F7F00EB3E59 /* MovieAppTests.xctest */,
				9D0BF29F27F78F7F00EB3E59 /* MovieAppUITests.xctest */,
			);
			name = Products;
			sourceTree = "<group>";
		};
		9D0BF28127F78F7D00EB3E59 /* MovieApp */ = {
			isa = PBXGroup;
			children = (
				9D70BDF327F9BA7D0085DE2F /* Services */,
				9DE8094D27F983CF0091E944 /* ViewModels */,
				9DE8094427F8D47F0091E944 /* Components */,
				9D3D4AA727F8821F00EFF9FC /* Models */,
				9D0BF2B527F83E3800EB3E59 /* ViewControllers */,
				9D0BF2B227F791ED00EB3E59 /* Utils */,
				9D0BF28227F78F7D00EB3E59 /* AppDelegate.swift */,
				9D0BF28427F78F7D00EB3E59 /* SceneDelegate.swift */,
				9D0BF28827F78F7D00EB3E59 /* Main.storyboard */,
				9D0BF28B27F78F7F00EB3E59 /* Assets.xcassets */,
				9D0BF28D27F78F7F00EB3E59 /* LaunchScreen.storyboard */,
				9D0BF29027F78F7F00EB3E59 /* Info.plist */,
				9D0BF2C127F8565C00EB3E59 /* GoogleService-Info.plist */,
			);
			path = MovieApp;
			sourceTree = "<group>";
		};
		9D0BF29827F78F7F00EB3E59 /* MovieAppTests */ = {
			isa = PBXGroup;
			children = (
				9D0BF29927F78F7F00EB3E59 /* MovieAppTests.swift */,
			);
			path = MovieAppTests;
			sourceTree = "<group>";
		};
		9D0BF2A227F78F7F00EB3E59 /* MovieAppUITests */ = {
			isa = PBXGroup;
			children = (
				9D0BF2A327F78F7F00EB3E59 /* MovieAppUITests.swift */,
				9D0BF2A527F78F7F00EB3E59 /* MovieAppUITestsLaunchTests.swift */,
			);
			path = MovieAppUITests;
			sourceTree = "<group>";
		};
		9D0BF2B227F791ED00EB3E59 /* Utils */ = {
			isa = PBXGroup;
			children = (
				9D0BF2B327F7920B00EB3E59 /* ConnectivityManager.swift */,
				9D203B7D27FDADE600334DBB /* NavigationManager.swift */,
			);
			path = Utils;
			sourceTree = "<group>";
		};
		9D0BF2B527F83E3800EB3E59 /* ViewControllers */ = {
			isa = PBXGroup;
			children = (
				9D0BF28627F78F7D00EB3E59 /* ViewController.swift */,
				9D0BF2BA27F841D700EB3E59 /* SplashViewController.swift */,
				9D0BF2BE27F843A600EB3E59 /* SplashStoryboard.storyboard */,
				9D70BDF827FAFE500085DE2F /* MovieDetailViewController.swift */,
			);
			path = ViewControllers;
			sourceTree = "<group>";
		};
		9D3D4AA727F8821F00EFF9FC /* Models */ = {
			isa = PBXGroup;
			children = (
				9DE8093C27F882680091E944 /* Movie.swift */,
			);
			path = Models;
			sourceTree = "<group>";
		};
		9D70BDF327F9BA7D0085DE2F /* Services */ = {
			isa = PBXGroup;
			children = (
				9D70BDF427F9BA9B0085DE2F /* MovieService.swift */,
			);
			path = Services;
			sourceTree = "<group>";
		};
		9DE8094427F8D47F0091E944 /* Components */ = {
			isa = PBXGroup;
			children = (
				9DE8094727F8DC8A0091E944 /* MovieCell.swift */,
				9DE8094827F8DC8A0091E944 /* MovieCell.xib */,
			);
			path = Components;
			sourceTree = "<group>";
		};
		9DE8094D27F983CF0091E944 /* ViewModels */ = {
			isa = PBXGroup;
			children = (
				9D94F1EA27F9B906008373B6 /* MoviesViewModel.swift */,
				9D70BDF627F9BBF80085DE2F /* MovieCellViewModel.swift */,
				9D96A5B727FB05C400B19DF6 /* MovieDetailViewModel.swift */,
			);
			path = ViewModels;
			sourceTree = "<group>";
		};
		9DF5FA9527F85FBD00D162AE /* Frameworks */ = {
			isa = PBXGroup;
			children = (
			);
			name = Frameworks;
			sourceTree = "<group>";
		};
/* End PBXGroup section */

/* Begin PBXNativeTarget section */
		9D0BF27E27F78F7D00EB3E59 /* MovieApp */ = {
			isa = PBXNativeTarget;
			buildConfigurationList = 9D0BF2A927F78F7F00EB3E59 /* Build configuration list for PBXNativeTarget "MovieApp" */;
			buildPhases = (
				9D0BF27B27F78F7D00EB3E59 /* Sources */,
				9D0BF27C27F78F7D00EB3E59 /* Frameworks */,
				9D0BF27D27F78F7D00EB3E59 /* Resources */,
			);
			buildRules = (
			);
			dependencies = (
			);
			name = MovieApp;
			packageProductDependencies = (
				9DF5FA9627F85FBD00D162AE /* FirebaseRemoteConfig */,
				9DF5FA9827F85FCA00D162AE /* FirebaseAnalytics */,
			);
			productName = MovieApp;
			productReference = 9D0BF27F27F78F7D00EB3E59 /* MovieApp.app */;
			productType = "com.apple.product-type.application";
		};
		9D0BF29427F78F7F00EB3E59 /* MovieAppTests */ = {
			isa = PBXNativeTarget;
			buildConfigurationList = 9D0BF2AC27F78F7F00EB3E59 /* Build configuration list for PBXNativeTarget "MovieAppTests" */;
			buildPhases = (
				9D0BF29127F78F7F00EB3E59 /* Sources */,
				9D0BF29227F78F7F00EB3E59 /* Frameworks */,
				9D0BF29327F78F7F00EB3E59 /* Resources */,
			);
			buildRules = (
			);
			dependencies = (
				9D0BF29727F78F7F00EB3E59 /* PBXTargetDependency */,
			);
			name = MovieAppTests;
			productName = MovieAppTests;
			productReference = 9D0BF29527F78F7F00EB3E59 /* MovieAppTests.xctest */;
			productType = "com.apple.product-type.bundle.unit-test";
		};
		9D0BF29E27F78F7F00EB3E59 /* MovieAppUITests */ = {
			isa = PBXNativeTarget;
			buildConfigurationList = 9D0BF2AF27F78F7F00EB3E59 /* Build configuration list for PBXNativeTarget "MovieAppUITests" */;
			buildPhases = (
				9D0BF29B27F78F7F00EB3E59 /* Sources */,
				9D0BF29C27F78F7F00EB3E59 /* Frameworks */,
				9D0BF29D27F78F7F00EB3E59 /* Resources */,
			);
			buildRules = (
			);
			dependencies = (
				9D0BF2A127F78F7F00EB3E59 /* PBXTargetDependency */,
			);
			name = MovieAppUITests;
			productName = MovieAppUITests;
			productReference = 9D0BF29F27F78F7F00EB3E59 /* MovieAppUITests.xctest */;
			productType = "com.apple.product-type.bundle.ui-testing";
		};
/* End PBXNativeTarget section */

/* Begin PBXProject section */
		9D0BF27727F78F7C00EB3E59 /* Project object */ = {
			isa = PBXProject;
			attributes = {
				BuildIndependentTargetsInParallel = 1;
				LastSwiftUpdateCheck = 1320;
				LastUpgradeCheck = 1320;
				TargetAttributes = {
					9D0BF27E27F78F7D00EB3E59 = {
						CreatedOnToolsVersion = 13.2.1;
					};
					9D0BF29427F78F7F00EB3E59 = {
						CreatedOnToolsVersion = 13.2.1;
						TestTargetID = 9D0BF27E27F78F7D00EB3E59;
					};
					9D0BF29E27F78F7F00EB3E59 = {
						CreatedOnToolsVersion = 13.2.1;
						TestTargetID = 9D0BF27E27F78F7D00EB3E59;
					};
				};
			};
			buildConfigurationList = 9D0BF27A27F78F7C00EB3E59 /* Build configuration list for PBXProject "MovieApp" */;
			compatibilityVersion = "Xcode 13.0";
			developmentRegion = en;
			hasScannedForEncodings = 0;
			knownRegions = (
				en,
				Base,
			);
			mainGroup = 9D0BF27627F78F7C00EB3E59;
			packageReferences = (
				9D0BF2C027F8549400EB3E59 /* XCRemoteSwiftPackageReference "firebase-ios-sdk" */,
			);
			productRefGroup = 9D0BF28027F78F7D00EB3E59 /* Products */;
			projectDirPath = "";
			projectRoot = "";
			targets = (
				9D0BF27E27F78F7D00EB3E59 /* MovieApp */,
				9D0BF29427F78F7F00EB3E59 /* MovieAppTests */,
				9D0BF29E27F78F7F00EB3E59 /* MovieAppUITests */,
			);
		};
/* End PBXProject section */

/* Begin PBXResourcesBuildPhase section */
		9D0BF27D27F78F7D00EB3E59 /* Resources */ = {
			isa = PBXResourcesBuildPhase;
			buildActionMask = 2147483647;
			files = (
				9DE8094A27F8DC8A0091E944 /* MovieCell.xib in Resources */,
				9D0BF28F27F78F7F00EB3E59 /* LaunchScreen.storyboard in Resources */,
				9D0BF28C27F78F7F00EB3E59 /* Assets.xcassets in Resources */,
				9D0BF2C227F8565C00EB3E59 /* GoogleService-Info.plist in Resources */,
				9D0BF2BF27F843A600EB3E59 /* SplashStoryboard.storyboard in Resources */,
				9D0BF28A27F78F7D00EB3E59 /* Main.storyboard in Resources */,
			);
			runOnlyForDeploymentPostprocessing = 0;
		};
		9D0BF29327F78F7F00EB3E59 /* Resources */ = {
			isa = PBXResourcesBuildPhase;
			buildActionMask = 2147483647;
			files = (
			);
			runOnlyForDeploymentPostprocessing = 0;
		};
		9D0BF29D27F78F7F00EB3E59 /* Resources */ = {
			isa = PBXResourcesBuildPhase;
			buildActionMask = 2147483647;
			files = (
			);
			runOnlyForDeploymentPostprocessing = 0;
		};
/* End PBXResourcesBuildPhase section */

/* Begin PBXSourcesBuildPhase section */
		9D0BF27B27F78F7D00EB3E59 /* Sources */ = {
			isa = PBXSourcesBuildPhase;
			buildActionMask = 2147483647;
			files = (
				9DE8093D27F882680091E944 /* Movie.swift in Sources */,
				9D70BDFA27FAFE500085DE2F /* MovieDetailViewController.swift in Sources */,
				9D0BF28727F78F7D00EB3E59 /* ViewController.swift in Sources */,
				9D0BF28327F78F7D00EB3E59 /* AppDelegate.swift in Sources */,
				9DE8094927F8DC8A0091E944 /* MovieCell.swift in Sources */,
				9D0BF2B427F7920B00EB3E59 /* ConnectivityManager.swift in Sources */,
				9D70BDF527F9BA9B0085DE2F /* MovieService.swift in Sources */,
				9D0BF28527F78F7D00EB3E59 /* SceneDelegate.swift in Sources */,
				9D94F1EB27F9B906008373B6 /* MoviesViewModel.swift in Sources */,
				9D203B7E27FDADE600334DBB /* NavigationManager.swift in Sources */,
				9D0BF2BC27F841D700EB3E59 /* SplashViewController.swift in Sources */,
				9D96A5B827FB05C400B19DF6 /* MovieDetailViewModel.swift in Sources */,
				9D70BDF727F9BBF80085DE2F /* MovieCellViewModel.swift in Sources */,
			);
			runOnlyForDeploymentPostprocessing = 0;
		};
		9D0BF29127F78F7F00EB3E59 /* Sources */ = {
			isa = PBXSourcesBuildPhase;
			buildActionMask = 2147483647;
			files = (
				9D0BF29A27F78F7F00EB3E59 /* MovieAppTests.swift in Sources */,
			);
			runOnlyForDeploymentPostprocessing = 0;
		};
		9D0BF29B27F78F7F00EB3E59 /* Sources */ = {
			isa = PBXSourcesBuildPhase;
			buildActionMask = 2147483647;
			files = (
				9D0BF2A627F78F7F00EB3E59 /* MovieAppUITestsLaunchTests.swift in Sources */,
				9D0BF2A427F78F7F00EB3E59 /* MovieAppUITests.swift in Sources */,
			);
			runOnlyForDeploymentPostprocessing = 0;
		};
/* End PBXSourcesBuildPhase section */

/* Begin PBXTargetDependency section */
		9D0BF29727F78F7F00EB3E59 /* PBXTargetDependency */ = {
			isa = PBXTargetDependency;
			target = 9D0BF27E27F78F7D00EB3E59 /* MovieApp */;
			targetProxy = 9D0BF29627F78F7F00EB3E59 /* PBXContainerItemProxy */;
		};
		9D0BF2A127F78F7F00EB3E59 /* PBXTargetDependency */ = {
			isa = PBXTargetDependency;
			target = 9D0BF27E27F78F7D00EB3E59 /* MovieApp */;
			targetProxy = 9D0BF2A027F78F7F00EB3E59 /* PBXContainerItemProxy */;
		};
/* End PBXTargetDependency section */

/* Begin PBXVariantGroup section */
		9D0BF28827F78F7D00EB3E59 /* Main.storyboard */ = {
			isa = PBXVariantGroup;
			children = (
				9D0BF28927F78F7D00EB3E59 /* Base */,
			);
			name = Main.storyboard;
			sourceTree = "<group>";
		};
		9D0BF28D27F78F7F00EB3E59 /* LaunchScreen.storyboard */ = {
			isa = PBXVariantGroup;
			children = (
				9D0BF28E27F78F7F00EB3E59 /* Base */,
			);
			name = LaunchScreen.storyboard;
			sourceTree = "<group>";
		};
/* End PBXVariantGroup section */

/* Begin XCBuildConfiguration section */
		9D0BF2A727F78F7F00EB3E59 /* Debug */ = {
			isa = XCBuildConfiguration;
			buildSettings = {
				ALWAYS_SEARCH_USER_PATHS = NO;
				CLANG_ANALYZER_NONNULL = YES;
				CLANG_ANALYZER_NUMBER_OBJECT_CONVERSION = YES_AGGRESSIVE;
				CLANG_CXX_LANGUAGE_STANDARD = "gnu++17";
				CLANG_CXX_LIBRARY = "libc++";
				CLANG_ENABLE_MODULES = YES;
				CLANG_ENABLE_OBJC_ARC = YES;
				CLANG_ENABLE_OBJC_WEAK = YES;
				CLANG_WARN_BLOCK_CAPTURE_AUTORELEASING = YES;
				CLANG_WARN_BOOL_CONVERSION = YES;
				CLANG_WARN_COMMA = YES;
				CLANG_WARN_CONSTANT_CONVERSION = YES;
				CLANG_WARN_DEPRECATED_OBJC_IMPLEMENTATIONS = YES;
				CLANG_WARN_DIRECT_OBJC_ISA_USAGE = YES_ERROR;
				CLANG_WARN_DOCUMENTATION_COMMENTS = YES;
				CLANG_WARN_EMPTY_BODY = YES;
				CLANG_WARN_ENUM_CONVERSION = YES;
				CLANG_WARN_INFINITE_RECURSION = YES;
				CLANG_WARN_INT_CONVERSION = YES;
				CLANG_WARN_NON_LITERAL_NULL_CONVERSION = YES;
				CLANG_WARN_OBJC_IMPLICIT_RETAIN_SELF = YES;
				CLANG_WARN_OBJC_LITERAL_CONVERSION = YES;
				CLANG_WARN_OBJC_ROOT_CLASS = YES_ERROR;
				CLANG_WARN_QUOTED_INCLUDE_IN_FRAMEWORK_HEADER = YES;
				CLANG_WARN_RANGE_LOOP_ANALYSIS = YES;
				CLANG_WARN_STRICT_PROTOTYPES = YES;
				CLANG_WARN_SUSPICIOUS_MOVE = YES;
				CLANG_WARN_UNGUARDED_AVAILABILITY = YES_AGGRESSIVE;
				CLANG_WARN_UNREACHABLE_CODE = YES;
				CLANG_WARN__DUPLICATE_METHOD_MATCH = YES;
				COPY_PHASE_STRIP = NO;
				DEBUG_INFORMATION_FORMAT = dwarf;
				ENABLE_STRICT_OBJC_MSGSEND = YES;
				ENABLE_TESTABILITY = YES;
				GCC_C_LANGUAGE_STANDARD = gnu11;
				GCC_DYNAMIC_NO_PIC = NO;
				GCC_NO_COMMON_BLOCKS = YES;
				GCC_OPTIMIZATION_LEVEL = 0;
				GCC_PREPROCESSOR_DEFINITIONS = (
					"DEBUG=1",
					"$(inherited)",
				);
				GCC_WARN_64_TO_32_BIT_CONVERSION = YES;
				GCC_WARN_ABOUT_RETURN_TYPE = YES_ERROR;
				GCC_WARN_UNDECLARED_SELECTOR = YES;
				GCC_WARN_UNINITIALIZED_AUTOS = YES_AGGRESSIVE;
				GCC_WARN_UNUSED_FUNCTION = YES;
				GCC_WARN_UNUSED_VARIABLE = YES;
				IPHONEOS_DEPLOYMENT_TARGET = 15.2;
				MTL_ENABLE_DEBUG_INFO = INCLUDE_SOURCE;
				MTL_FAST_MATH = YES;
				ONLY_ACTIVE_ARCH = YES;
				SDKROOT = iphoneos;
				SWIFT_ACTIVE_COMPILATION_CONDITIONS = DEBUG;
				SWIFT_OPTIMIZATION_LEVEL = "-Onone";
			};
			name = Debug;
		};
		9D0BF2A827F78F7F00EB3E59 /* Release */ = {
			isa = XCBuildConfiguration;
			buildSettings = {
				ALWAYS_SEARCH_USER_PATHS = NO;
				CLANG_ANALYZER_NONNULL = YES;
				CLANG_ANALYZER_NUMBER_OBJECT_CONVERSION = YES_AGGRESSIVE;
				CLANG_CXX_LANGUAGE_STANDARD = "gnu++17";
				CLANG_CXX_LIBRARY = "libc++";
				CLANG_ENABLE_MODULES = YES;
				CLANG_ENABLE_OBJC_ARC = YES;
				CLANG_ENABLE_OBJC_WEAK = YES;
				CLANG_WARN_BLOCK_CAPTURE_AUTORELEASING = YES;
				CLANG_WARN_BOOL_CONVERSION = YES;
				CLANG_WARN_COMMA = YES;
				CLANG_WARN_CONSTANT_CONVERSION = YES;
				CLANG_WARN_DEPRECATED_OBJC_IMPLEMENTATIONS = YES;
				CLANG_WARN_DIRECT_OBJC_ISA_USAGE = YES_ERROR;
				CLANG_WARN_DOCUMENTATION_COMMENTS = YES;
				CLANG_WARN_EMPTY_BODY = YES;
				CLANG_WARN_ENUM_CONVERSION = YES;
				CLANG_WARN_INFINITE_RECURSION = YES;
				CLANG_WARN_INT_CONVERSION = YES;
				CLANG_WARN_NON_LITERAL_NULL_CONVERSION = YES;
				CLANG_WARN_OBJC_IMPLICIT_RETAIN_SELF = YES;
				CLANG_WARN_OBJC_LITERAL_CONVERSION = YES;
				CLANG_WARN_OBJC_ROOT_CLASS = YES_ERROR;
				CLANG_WARN_QUOTED_INCLUDE_IN_FRAMEWORK_HEADER = YES;
				CLANG_WARN_RANGE_LOOP_ANALYSIS = YES;
				CLANG_WARN_STRICT_PROTOTYPES = YES;
				CLANG_WARN_SUSPICIOUS_MOVE = YES;
				CLANG_WARN_UNGUARDED_AVAILABILITY = YES_AGGRESSIVE;
				CLANG_WARN_UNREACHABLE_CODE = YES;
				CLANG_WARN__DUPLICATE_METHOD_MATCH = YES;
				COPY_PHASE_STRIP = NO;
				DEBUG_INFORMATION_FORMAT = "dwarf-with-dsym";
				ENABLE_NS_ASSERTIONS = NO;
				ENABLE_STRICT_OBJC_MSGSEND = YES;
				GCC_C_LANGUAGE_STANDARD = gnu11;
				GCC_NO_COMMON_BLOCKS = YES;
				GCC_WARN_64_TO_32_BIT_CONVERSION = YES;
				GCC_WARN_ABOUT_RETURN_TYPE = YES_ERROR;
				GCC_WARN_UNDECLARED_SELECTOR = YES;
				GCC_WARN_UNINITIALIZED_AUTOS = YES_AGGRESSIVE;
				GCC_WARN_UNUSED_FUNCTION = YES;
				GCC_WARN_UNUSED_VARIABLE = YES;
				IPHONEOS_DEPLOYMENT_TARGET = 15.2;
				MTL_ENABLE_DEBUG_INFO = NO;
				MTL_FAST_MATH = YES;
				SDKROOT = iphoneos;
				SWIFT_COMPILATION_MODE = wholemodule;
				SWIFT_OPTIMIZATION_LEVEL = "-O";
				VALIDATE_PRODUCT = YES;
			};
			name = Release;
		};
		9D0BF2AA27F78F7F00EB3E59 /* Debug */ = {
			isa = XCBuildConfiguration;
			buildSettings = {
				ASSETCATALOG_COMPILER_APPICON_NAME = AppIcon;
				ASSETCATALOG_COMPILER_GLOBAL_ACCENT_COLOR_NAME = AccentColor;
				CODE_SIGN_STYLE = Automatic;
				CURRENT_PROJECT_VERSION = 1;
				DEVELOPMENT_TEAM = A7PT8PDBPQ;
				GENERATE_INFOPLIST_FILE = YES;
				INFOPLIST_FILE = MovieApp/Info.plist;
				INFOPLIST_KEY_UIApplicationSupportsIndirectInputEvents = YES;
				INFOPLIST_KEY_UILaunchStoryboardName = LaunchScreen;
				INFOPLIST_KEY_UIMainStoryboardFile = SplashStoryboard;
				INFOPLIST_KEY_UISupportedInterfaceOrientations_iPad = "UIInterfaceOrientationPortrait UIInterfaceOrientationPortraitUpsideDown UIInterfaceOrientationLandscapeLeft UIInterfaceOrientationLandscapeRight";
				INFOPLIST_KEY_UISupportedInterfaceOrientations_iPhone = "UIInterfaceOrientationPortrait UIInterfaceOrientationLandscapeLeft UIInterfaceOrientationLandscapeRight";
				LD_RUNPATH_SEARCH_PATHS = (
					"$(inherited)",
					"@executable_path/Frameworks",
				);
				MARKETING_VERSION = 1.0;
				PRODUCT_BUNDLE_IDENTIFIER = com.app.MovieApp;
				PRODUCT_NAME = "$(TARGET_NAME)";
				SWIFT_EMIT_LOC_STRINGS = YES;
				SWIFT_VERSION = 5.0;
				TARGETED_DEVICE_FAMILY = 1;
			};
			name = Debug;
		};
		9D0BF2AB27F78F7F00EB3E59 /* Release */ = {
			isa = XCBuildConfiguration;
			buildSettings = {
				ASSETCATALOG_COMPILER_APPICON_NAME = AppIcon;
				ASSETCATALOG_COMPILER_GLOBAL_ACCENT_COLOR_NAME = AccentColor;
				CODE_SIGN_STYLE = Automatic;
				CURRENT_PROJECT_VERSION = 1;
				DEVELOPMENT_TEAM = A7PT8PDBPQ;
				GENERATE_INFOPLIST_FILE = YES;
				INFOPLIST_FILE = MovieApp/Info.plist;
				INFOPLIST_KEY_UIApplicationSupportsIndirectInputEvents = YES;
				INFOPLIST_KEY_UILaunchStoryboardName = LaunchScreen;
				INFOPLIST_KEY_UIMainStoryboardFile = SplashStoryboard;
				INFOPLIST_KEY_UISupportedInterfaceOrientations_iPad = "UIInterfaceOrientationPortrait UIInterfaceOrientationPortraitUpsideDown UIInterfaceOrientationLandscapeLeft UIInterfaceOrientationLandscapeRight";
				INFOPLIST_KEY_UISupportedInterfaceOrientations_iPhone = "UIInterfaceOrientationPortrait UIInterfaceOrientationLandscapeLeft UIInterfaceOrientationLandscapeRight";
				LD_RUNPATH_SEARCH_PATHS = (
					"$(inherited)",
					"@executable_path/Frameworks",
				);
				MARKETING_VERSION = 1.0;
				PRODUCT_BUNDLE_IDENTIFIER = com.app.MovieApp;
				PRODUCT_NAME = "$(TARGET_NAME)";
				SWIFT_EMIT_LOC_STRINGS = YES;
				SWIFT_VERSION = 5.0;
				TARGETED_DEVICE_FAMILY = 1;
			};
			name = Release;
		};
		9D0BF2AD27F78F7F00EB3E59 /* Debug */ = {
			isa = XCBuildConfiguration;
			buildSettings = {
				ALWAYS_EMBED_SWIFT_STANDARD_LIBRARIES = YES;
				BUNDLE_LOADER = "$(TEST_HOST)";
				CODE_SIGN_STYLE = Automatic;
				CURRENT_PROJECT_VERSION = 1;
				GENERATE_INFOPLIST_FILE = YES;
				IPHONEOS_DEPLOYMENT_TARGET = 15.2;
				MARKETING_VERSION = 1.0;
				PRODUCT_BUNDLE_IDENTIFIER = com.app.MovieAppTests;
				PRODUCT_NAME = "$(TARGET_NAME)";
				SWIFT_EMIT_LOC_STRINGS = NO;
				SWIFT_VERSION = 5.0;
				TARGETED_DEVICE_FAMILY = "1,2";
				TEST_HOST = "$(BUILT_PRODUCTS_DIR)/MovieApp.app/MovieApp";
			};
			name = Debug;
		};
		9D0BF2AE27F78F7F00EB3E59 /* Release */ = {
			isa = XCBuildConfiguration;
			buildSettings = {
				ALWAYS_EMBED_SWIFT_STANDARD_LIBRARIES = YES;
				BUNDLE_LOADER = "$(TEST_HOST)";
				CODE_SIGN_STYLE = Automatic;
				CURRENT_PROJECT_VERSION = 1;
				GENERATE_INFOPLIST_FILE = YES;
				IPHONEOS_DEPLOYMENT_TARGET = 15.2;
				MARKETING_VERSION = 1.0;
				PRODUCT_BUNDLE_IDENTIFIER = com.app.MovieAppTests;
				PRODUCT_NAME = "$(TARGET_NAME)";
				SWIFT_EMIT_LOC_STRINGS = NO;
				SWIFT_VERSION = 5.0;
				TARGETED_DEVICE_FAMILY = "1,2";
				TEST_HOST = "$(BUILT_PRODUCTS_DIR)/MovieApp.app/MovieApp";
			};
			name = Release;
		};
		9D0BF2B027F78F7F00EB3E59 /* Debug */ = {
			isa = XCBuildConfiguration;
			buildSettings = {
				ALWAYS_EMBED_SWIFT_STANDARD_LIBRARIES = YES;
				CODE_SIGN_STYLE = Automatic;
				CURRENT_PROJECT_VERSION = 1;
				GENERATE_INFOPLIST_FILE = YES;
				MARKETING_VERSION = 1.0;
				PRODUCT_BUNDLE_IDENTIFIER = com.app.MovieAppUITests;
				PRODUCT_NAME = "$(TARGET_NAME)";
				SWIFT_EMIT_LOC_STRINGS = NO;
				SWIFT_VERSION = 5.0;
				TARGETED_DEVICE_FAMILY = "1,2";
				TEST_TARGET_NAME = MovieApp;
			};
			name = Debug;
		};
		9D0BF2B127F78F7F00EB3E59 /* Release */ = {
			isa = XCBuildConfiguration;
			buildSettings = {
				ALWAYS_EMBED_SWIFT_STANDARD_LIBRARIES = YES;
				CODE_SIGN_STYLE = Automatic;
				CURRENT_PROJECT_VERSION = 1;
				GENERATE_INFOPLIST_FILE = YES;
				MARKETING_VERSION = 1.0;
				PRODUCT_BUNDLE_IDENTIFIER = com.app.MovieAppUITests;
				PRODUCT_NAME = "$(TARGET_NAME)";
				SWIFT_EMIT_LOC_STRINGS = NO;
				SWIFT_VERSION = 5.0;
				TARGETED_DEVICE_FAMILY = "1,2";
				TEST_TARGET_NAME = MovieApp;
			};
			name = Release;
		};
/* End XCBuildConfiguration section */

/* Begin XCConfigurationList section */
		9D0BF27A27F78F7C00EB3E59 /* Build configuration list for PBXProject "MovieApp" */ = {
			isa = XCConfigurationList;
			buildConfigurations = (
				9D0BF2A727F78F7F00EB3E59 /* Debug */,
				9D0BF2A827F78F7F00EB3E59 /* Release */,
			);
			defaultConfigurationIsVisible = 0;
			defaultConfigurationName = Release;
		};
		9D0BF2A927F78F7F00EB3E59 /* Build configuration list for PBXNativeTarget "MovieApp" */ = {
			isa = XCConfigurationList;
			buildConfigurations = (
				9D0BF2AA27F78F7F00EB3E59 /* Debug */,
				9D0BF2AB27F78F7F00EB3E59 /* Release */,
			);
			defaultConfigurationIsVisible = 0;
			defaultConfigurationName = Release;
		};
		9D0BF2AC27F78F7F00EB3E59 /* Build configuration list for PBXNativeTarget "MovieAppTests" */ = {
			isa = XCConfigurationList;
			buildConfigurations = (
				9D0BF2AD27F78F7F00EB3E59 /* Debug */,
				9D0BF2AE27F78F7F00EB3E59 /* Release */,
			);
			defaultConfigurationIsVisible = 0;
			defaultConfigurationName = Release;
		};
		9D0BF2AF27F78F7F00EB3E59 /* Build configuration list for PBXNativeTarget "MovieAppUITests" */ = {
			isa = XCConfigurationList;
			buildConfigurations = (
				9D0BF2B027F78F7F00EB3E59 /* Debug */,
				9D0BF2B127F78F7F00EB3E59 /* Release */,
			);
			defaultConfigurationIsVisible = 0;
			defaultConfigurationName = Release;
		};
/* End XCConfigurationList section */

/* Begin XCRemoteSwiftPackageReference section */
		9D0BF2C027F8549400EB3E59 /* XCRemoteSwiftPackageReference "firebase-ios-sdk" */ = {
			isa = XCRemoteSwiftPackageReference;
			repositoryURL = "https://github.com/firebase/firebase-ios-sdk";
			requirement = {
				kind = upToNextMajorVersion;
				minimumVersion = 8.0.0;
			};
		};
/* End XCRemoteSwiftPackageReference section */

/* Begin XCSwiftPackageProductDependency section */
		9DF5FA9627F85FBD00D162AE /* FirebaseRemoteConfig */ = {
			isa = XCSwiftPackageProductDependency;
			package = 9D0BF2C027F8549400EB3E59 /* XCRemoteSwiftPackageReference "firebase-ios-sdk" */;
			productName = FirebaseRemoteConfig;
		};
		9DF5FA9827F85FCA00D162AE /* FirebaseAnalytics */ = {
			isa = XCSwiftPackageProductDependency;
			package = 9D0BF2C027F8549400EB3E59 /* XCRemoteSwiftPackageReference "firebase-ios-sdk" */;
			productName = FirebaseAnalytics;
		};
/* End XCSwiftPackageProductDependency section */
	};
	rootObject = 9D0BF27727F78F7C00EB3E59 /* Project object */;
}
